
Microsoft Visual Studio Solution File, Format Version 12.00
# Visual Studio 2012
Project("{2857B73E-F847-4B02-9238-064979017E93}") = "milestone_4", "milestone_4\milestone_4.cproj", "{4BCCBB57-B2F6-49A7-97F2-B3FB57346FE2}"
EndProject
Global
	GlobalSection(SolutionConfigurationPlatforms) = preSolution
		Debug|Any CPU = Debug|Any CPU
		Release|Any CPU = Release|Any CPU
	EndGlobalSection
	GlobalSection(ProjectConfigurationPlatforms) = postSolution
		{4BCCBB57-B2F6-49A7-97F2-B3FB57346FE2}.Debug|Any CPU.ActiveCfg = Debug|Any CPU
		{4BCCBB57-B2F6-49A7-97F2-B3FB57346FE2}.Debug|Any CPU.Build.0 = Debug|Any CPU
		{4BCCBB57-B2F6-49A7-97F2-B3FB57346FE2}.Release|Any CPU.ActiveCfg = Release|Any CPU
		{4BCCBB57-B2F6-49A7-97F2-B3FB57346FE2}.Release|Any CPU.Build.0 = Release|Any CPU
	EndGlobalSection
EndGlobal
